
Microsoft Visual Studio Solution File, Format Version 12.00
# Visual Studio Version 16
VisualStudioVersion = 16.0.30114.105
MinimumVisualStudioVersion = 10.0.40219.1
Project("{9A19103F-16F7-4668-BE54-9A1E7A4F7556}") = "Blueprint-Core-Test", "Tests\Blueprint-Core-Test.csproj", "{E2532A1C-09C3-40DA-9ED7-6CD97FAB3F30}"
EndProject
Project("{2150E333-8FDC-42A3-9474-1A3956D46DE8}") = "Solution Items", "Solution Items", "{BD057D88-69D2-4F16-B2A0-C2DDC4AB075B}"
	ProjectSection(SolutionItems) = preProject
		.editorconfig = .editorconfig
		.gitignore = .gitignore
		snippets\blueprintcore.snippet = snippets\blueprintcore.snippet
	EndProjectSection
EndProject
Project("{9A19103F-16F7-4668-BE54-9A1E7A4F7556}") = "BlueprintCoreGen", "BlueprintCoreGen\BlueprintCoreGen.csproj", "{EB98F23F-6D9D-4876-87F7-AAC77443F4D5}"
EndProject
Project("{FAE04EC0-301F-11D3-BF4B-00C04F79EFBC}") = "Tutorials", "Tutorials\Tutorials.csproj", "{839B7A14-406A-4C05-B7BA-476D67E064AD}"
EndProject
Project("{9A19103F-16F7-4668-BE54-9A1E7A4F7556}") = "BlueprintCore", "BlueprintCore\BlueprintCore.csproj", "{457375BA-D9F6-4C8E-ABBA-98F5916A9A3D}"
EndProject
Global
	GlobalSection(SolutionConfigurationPlatforms) = preSolution
		Debug|Any CPU = Debug|Any CPU
		Debug|x64 = Debug|x64
		Debug|x86 = Debug|x86
		Release|Any CPU = Release|Any CPU
		Release|x64 = Release|x64
		Release|x86 = Release|x86
	EndGlobalSection
	GlobalSection(ProjectConfigurationPlatforms) = postSolution
		{E2532A1C-09C3-40DA-9ED7-6CD97FAB3F30}.Debug|Any CPU.ActiveCfg = Debug|Any CPU
		{E2532A1C-09C3-40DA-9ED7-6CD97FAB3F30}.Debug|Any CPU.Build.0 = Debug|Any CPU
		{E2532A1C-09C3-40DA-9ED7-6CD97FAB3F30}.Debug|x64.ActiveCfg = Debug|Any CPU
		{E2532A1C-09C3-40DA-9ED7-6CD97FAB3F30}.Debug|x64.Build.0 = Debug|Any CPU
		{E2532A1C-09C3-40DA-9ED7-6CD97FAB3F30}.Debug|x86.ActiveCfg = Debug|Any CPU
		{E2532A1C-09C3-40DA-9ED7-6CD97FAB3F30}.Debug|x86.Build.0 = Debug|Any CPU
		{E2532A1C-09C3-40DA-9ED7-6CD97FAB3F30}.Release|Any CPU.ActiveCfg = Release|Any CPU
		{E2532A1C-09C3-40DA-9ED7-6CD97FAB3F30}.Release|Any CPU.Build.0 = Release|Any CPU
		{E2532A1C-09C3-40DA-9ED7-6CD97FAB3F30}.Release|x64.ActiveCfg = Release|Any CPU
		{E2532A1C-09C3-40DA-9ED7-6CD97FAB3F30}.Release|x64.Build.0 = Release|Any CPU
		{E2532A1C-09C3-40DA-9ED7-6CD97FAB3F30}.Release|x86.ActiveCfg = Release|Any CPU
		{E2532A1C-09C3-40DA-9ED7-6CD97FAB3F30}.Release|x86.Build.0 = Release|Any CPU
		{EB98F23F-6D9D-4876-87F7-AAC77443F4D5}.Debug|Any CPU.ActiveCfg = Debug|Any CPU
		{EB98F23F-6D9D-4876-87F7-AAC77443F4D5}.Debug|Any CPU.Build.0 = Debug|Any CPU
		{EB98F23F-6D9D-4876-87F7-AAC77443F4D5}.Debug|x64.ActiveCfg = Debug|Any CPU
		{EB98F23F-6D9D-4876-87F7-AAC77443F4D5}.Debug|x64.Build.0 = Debug|Any CPU
		{EB98F23F-6D9D-4876-87F7-AAC77443F4D5}.Debug|x86.ActiveCfg = Debug|Any CPU
		{EB98F23F-6D9D-4876-87F7-AAC77443F4D5}.Debug|x86.Build.0 = Debug|Any CPU
		{EB98F23F-6D9D-4876-87F7-AAC77443F4D5}.Release|Any CPU.ActiveCfg = Release|Any CPU
		{EB98F23F-6D9D-4876-87F7-AAC77443F4D5}.Release|Any CPU.Build.0 = Release|Any CPU
		{EB98F23F-6D9D-4876-87F7-AAC77443F4D5}.Release|x64.ActiveCfg = Release|Any CPU
		{EB98F23F-6D9D-4876-87F7-AAC77443F4D5}.Release|x64.Build.0 = Release|Any CPU
		{EB98F23F-6D9D-4876-87F7-AAC77443F4D5}.Release|x86.ActiveCfg = Release|Any CPU
		{EB98F23F-6D9D-4876-87F7-AAC77443F4D5}.Release|x86.Build.0 = Release|Any CPU
		{839B7A14-406A-4C05-B7BA-476D67E064AD}.Debug|Any CPU.ActiveCfg = Debug|Any CPU
		{839B7A14-406A-4C05-B7BA-476D67E064AD}.Debug|Any CPU.Build.0 = Debug|Any CPU
		{839B7A14-406A-4C05-B7BA-476D67E064AD}.Debug|x64.ActiveCfg = Debug|Any CPU
		{839B7A14-406A-4C05-B7BA-476D67E064AD}.Debug|x64.Build.0 = Debug|Any CPU
		{839B7A14-406A-4C05-B7BA-476D67E064AD}.Debug|x86.ActiveCfg = Debug|Any CPU
		{839B7A14-406A-4C05-B7BA-476D67E064AD}.Debug|x86.Build.0 = Debug|Any CPU
		{839B7A14-406A-4C05-B7BA-476D67E064AD}.Release|Any CPU.ActiveCfg = Release|Any CPU
		{839B7A14-406A-4C05-B7BA-476D67E064AD}.Release|Any CPU.Build.0 = Release|Any CPU
		{839B7A14-406A-4C05-B7BA-476D67E064AD}.Release|x64.ActiveCfg = Release|Any CPU
		{839B7A14-406A-4C05-B7BA-476D67E064AD}.Release|x64.Build.0 = Release|Any CPU
		{839B7A14-406A-4C05-B7BA-476D67E064AD}.Release|x86.ActiveCfg = Release|Any CPU
		{839B7A14-406A-4C05-B7BA-476D67E064AD}.Release|x86.Build.0 = Release|Any CPU
		{457375BA-D9F6-4C8E-ABBA-98F5916A9A3D}.Debug|Any CPU.ActiveCfg = Debug|Any CPU
		{457375BA-D9F6-4C8E-ABBA-98F5916A9A3D}.Debug|Any CPU.Build.0 = Debug|Any CPU
		{457375BA-D9F6-4C8E-ABBA-98F5916A9A3D}.Debug|x64.ActiveCfg = Debug|Any CPU
		{457375BA-D9F6-4C8E-ABBA-98F5916A9A3D}.Debug|x64.Build.0 = Debug|Any CPU
		{457375BA-D9F6-4C8E-ABBA-98F5916A9A3D}.Debug|x86.ActiveCfg = Debug|Any CPU
		{457375BA-D9F6-4C8E-ABBA-98F5916A9A3D}.Debug|x86.Build.0 = Debug|Any CPU
		{457375BA-D9F6-4C8E-ABBA-98F5916A9A3D}.Release|Any CPU.ActiveCfg = Release|Any CPU
		{457375BA-D9F6-4C8E-ABBA-98F5916A9A3D}.Release|Any CPU.Build.0 = Release|Any CPU
		{457375BA-D9F6-4C8E-ABBA-98F5916A9A3D}.Release|x64.ActiveCfg = Release|Any CPU
		{457375BA-D9F6-4C8E-ABBA-98F5916A9A3D}.Release|x64.Build.0 = Release|Any CPU
		{457375BA-D9F6-4C8E-ABBA-98F5916A9A3D}.Release|x86.ActiveCfg = Release|Any CPU
		{457375BA-D9F6-4C8E-ABBA-98F5916A9A3D}.Release|x86.Build.0 = Release|Any CPU
	EndGlobalSection
	GlobalSection(SolutionProperties) = preSolution
		HideSolutionNode = FALSE
	EndGlobalSection
	GlobalSection(ExtensibilityGlobals) = postSolution
		SolutionGuid = {1F20D66D-EDF7-49F6-9909-E17EDF049AAF}
	EndGlobalSection
EndGlobal
